
Microsoft Visual Studio Solution File, Format Version 12.00
# Visual Studio 14
VisualStudioVersion = 14.0.25123.0
MinimumVisualStudioVersion = 10.0.40219.1
Project("{FAE04EC0-301F-11D3-BF4B-00C04F79EFBC}") = "003", "003\003.csproj", "{BC8E854E-9D9D-4EEC-95C8-4FDF99D5F6DE}"
EndProject
Global
	GlobalSection(SolutionConfigurationPlatforms) = preSolution
		Debug|Any CPU = Debug|Any CPU
		Release|Any CPU = Release|Any CPU
	EndGlobalSection
	GlobalSection(ProjectConfigurationPlatforms) = postSolution
		{BC8E854E-9D9D-4EEC-95C8-4FDF99D5F6DE}.Debug|Any CPU.ActiveCfg = Debug|Any CPU
		{BC8E854E-9D9D-4EEC-95C8-4FDF99D5F6DE}.Debug|Any CPU.Build.0 = Debug|Any CPU
		{BC8E854E-9D9D-4EEC-95C8-4FDF99D5F6DE}.Release|Any CPU.ActiveCfg = Release|Any CPU
		{BC8E854E-9D9D-4EEC-95C8-4FDF99D5F6DE}.Release|Any CPU.Build.0 = Release|Any CPU
	EndGlobalSection
	GlobalSection(SolutionProperties) = preSolution
		HideSolutionNode = FALSE
	EndGlobalSection
EndGlobal
